schema: '2.0'
stages:
  data_ingestion:
    cmd: python src/data/data_ingestion.py
    deps:
    - path: src/data/data_ingestion.py
      hash: md5
      md5: c8801f43ed8bf6ac00658b525373a43c
      size: 3531
    params:
      params.yaml:
        data_ingestion.test_size: 0.25
    outs:
    - path: data/raw
      hash: md5
      md5: 3a301dd6a0b3caa261222635788eb1a5.dir
      size: 827973
      nfiles: 2
  data_preprocessing:
    cmd: python src/data/data_preprocessing.py
    deps:
    - path: data/raw
      hash: md5
      md5: 3a301dd6a0b3caa261222635788eb1a5.dir
      size: 827973
      nfiles: 2
    - path: src/data/data_preprocessing.py
      hash: md5
      md5: e7557fadf13c43665013f6c4881e0c65
      size: 3996
    outs:
    - path: data/processed
      hash: md5
      md5: edc3efae1413d803c66f5da2a5e95764.dir
      size: 572486
      nfiles: 2
  feature_engineering:
    cmd: python src/features/feature_engineering.py
    deps:
    - path: data/processed
      hash: md5
      md5: edc3efae1413d803c66f5da2a5e95764.dir
      size: 572486
      nfiles: 2
    - path: src/features/feature_engineering.py
      hash: md5
      md5: f003a0ca58d9eadb468e00c52496df32
      size: 3887
    params:
      params.yaml:
        feature_engineering.max_features: 50
    outs:
    - path: data/features
      hash: md5
      md5: 4d3a7aa7303972793998081e3f4177c5.dir
      size: 1068816
      nfiles: 2
  model_building:
    cmd: python src/model/model_building.py
    deps:
    - path: data/features
      hash: md5
      md5: 4d3a7aa7303972793998081e3f4177c5.dir
      size: 1068816
      nfiles: 2
    - path: src/model/model_building.py
      hash: md5
      md5: 2f1fb66b654278a27224ebe9b5383449
      size: 3058
    params:
      params.yaml:
        model_building.learning_rate: 0.1
        model_building.n_estimators: 25
    outs:
    - path: models/model.pkl
      hash: md5
      md5: fe2cda57a28d513d5bfc58e39d3962a4
      size: 36663
  model_evaluation:
    cmd: python src/model/model_evaluation.py
    deps:
    - path: models/model.pkl
      hash: md5
      md5: fe2cda57a28d513d5bfc58e39d3962a4
      size: 36663
    - path: src/model/model_evaluation.py
      hash: md5
      md5: eaac74a146f374bdc520f68bee4b1ce5
      size: 3366
    outs:
    - path: reports/metrics.json
      hash: md5
      md5: 0fc8b282352f1e42eac44c673a0404d2
      size: 146
